// !$*UTF8*$!
{
	archiveVersion = 1;
	classes = {
	};
	objectVersion = 50;
	objects = {

/* Begin PBXBuildFile section */
		88A7BD5E20F358F30030246A /* UIImage+WBreduceImage.m in Sources */ = {isa = PBXBuildFile; fileRef = 88A7BD5B20F358F20030246A /* UIImage+WBreduceImage.m */; };
		88A7BD5F20F358F30030246A /* UIImage+WB_CircleImage.m in Sources */ = {isa = PBXBuildFile; fileRef = 88A7BD5C20F358F20030246A /* UIImage+WB_CircleImage.m */; };
		88D92F1220E4BC9A00311B35 /* Assets.xcassets in Resources */ = {isa = PBXBuildFile; fileRef = 88D92F1120E4BC9A00311B35 /* Assets.xcassets */; };
		88D92F2A20E4BE5200311B35 /* ViewController.m in Sources */ = {isa = PBXBuildFile; fileRef = 88D92F2620E4BE5200311B35 /* ViewController.m */; };
		88D92F2B20E4BE5200311B35 /* main.m in Sources */ = {isa = PBXBuildFile; fileRef = 88D92F2720E4BE5200311B35 /* main.m */; };
		88D92F2E20E4BE6100311B35 /* Default-568h@2x.png in Resources */ = {isa = PBXBuildFile; fileRef = 88D92F2D20E4BE6100311B35 /* Default-568h@2x.png */; };
		88D92F3220E4BEA900311B35 /* AppDelegate.m in Sources */ = {isa = PBXBuildFile; fileRef = 88D92F3120E4BEA900311B35 /* AppDelegate.m */; };
		88D92F3620E4C48C00311B35 /* GSKAlertViewController.m in Sources */ = {isa = PBXBuildFile; fileRef = 88D92F3520E4C48C00311B35 /* GSKAlertViewController.m */; };
		88D92F4820E4DA5100311B35 /* UIViewController+DismissKeyboard.m in Sources */ = {isa = PBXBuildFile; fileRef = 88D92F4620E4DA5100311B35 /* UIViewController+DismissKeyboard.m */; };
		88D92F4B20E4DA5E00311B35 /* UIView+nextRespond.m in Sources */ = {isa = PBXBuildFile; fileRef = 88D92F4920E4DA5D00311B35 /* UIView+nextRespond.m */; };
		88D92F4E20E4DA6F00311B35 /* UITableViewCell+WB_cellSparator.m in Sources */ = {isa = PBXBuildFile; fileRef = 88D92F4C20E4DA6E00311B35 /* UITableViewCell+WB_cellSparator.m */; };
		88D92F5120E4DA7A00311B35 /* UIResponder+Router.m in Sources */ = {isa = PBXBuildFile; fileRef = 88D92F4F20E4DA7900311B35 /* UIResponder+Router.m */; };
		88D92F5A20E4DB5A00311B35 /* NSString+MHCommon.m in Sources */ = {isa = PBXBuildFile; fileRef = 88D92F5220E4DB5A00311B35 /* NSString+MHCommon.m */; };
		88D92F5B20E4DB5A00311B35 /* NSString+WB__encryptionOrdecryption.m in Sources */ = {isa = PBXBuildFile; fileRef = 88D92F5520E4DB5A00311B35 /* NSString+WB__encryptionOrdecryption.m */; };
		88D92F5C20E4DB5A00311B35 /* NSObject+WB_Helper.m in Sources */ = {isa = PBXBuildFile; fileRef = 88D92F5620E4DB5A00311B35 /* NSObject+WB_Helper.m */; };
		88D92F5D20E4DB5A00311B35 /* NSArray+WB_array.m in Sources */ = {isa = PBXBuildFile; fileRef = 88D92F5720E4DB5A00311B35 /* NSArray+WB_array.m */; };
		88D92F6020E4DBA300311B35 /* CMManager.m in Sources */ = {isa = PBXBuildFile; fileRef = 88D92F5F20E4DBA300311B35 /* CMManager.m */; };
		88D92F6520E4DC4F00311B35 /* GTMBase64.m in Sources */ = {isa = PBXBuildFile; fileRef = 88D92F6420E4DC4F00311B35 /* GTMBase64.m */; };
		88D92FAF20E9D34E00311B35 /* UIView+Extension.m in Sources */ = {isa = PBXBuildFile; fileRef = 88D92FAB20E9D34D00311B35 /* UIView+Extension.m */; };
		88D92FB020E9D34E00311B35 /* UIView+BorderLine.m in Sources */ = {isa = PBXBuildFile; fileRef = 88D92FAE20E9D34E00311B35 /* UIView+BorderLine.m */; };
		88D92FB320E9D3A500311B35 /* UIColor+MHCommon.m in Sources */ = {isa = PBXBuildFile; fileRef = 88D92FB220E9D3A500311B35 /* UIColor+MHCommon.m */; };
		88D92FB920E9D4B700311B35 /* NotificationConst.m in Sources */ = {isa = PBXBuildFile; fileRef = 88D92FB620E9D4B700311B35 /* NotificationConst.m */; };
		88D92FD420E9D51700311B35 /* UICollectionView+WB_collectionViewFatory.m in Sources */ = {isa = PBXBuildFile; fileRef = 88D92FBC20E9D51700311B35 /* UICollectionView+WB_collectionViewFatory.m */; };
		88D92FD520E9D51700311B35 /* UIView+WB_viewFatory.m in Sources */ = {isa = PBXBuildFile; fileRef = 88D92FBE20E9D51700311B35 /* UIView+WB_viewFatory.m */; };
		88D92FD620E9D51700311B35 /* UIButton+WB_buttonFatory.m in Sources */ = {isa = PBXBuildFile; fileRef = 88D92FBF20E9D51700311B35 /* UIButton+WB_buttonFatory.m */; };
		88D92FD720E9D51700311B35 /* UILabel+WB_LabelFatory.m in Sources */ = {isa = PBXBuildFile; fileRef = 88D92FC120E9D51700311B35 /* UILabel+WB_LabelFatory.m */; };
		88D92FD820E9D51700311B35 /* UITextField+WB_textFieldFatory.m in Sources */ = {isa = PBXBuildFile; fileRef = 88D92FC420E9D51700311B35 /* UITextField+WB_textFieldFatory.m */; };
		88D92FD920E9D51700311B35 /* UIGestureRecognizer+WB_gestyre.m in Sources */ = {isa = PBXBuildFile; fileRef = 88D92FC620E9D51700311B35 /* UIGestureRecognizer+WB_gestyre.m */; };
		88D92FDA20E9D51700311B35 /* UIImageView+WB_imageViewaddGeture.m in Sources */ = {isa = PBXBuildFile; fileRef = 88D92FC820E9D51700311B35 /* UIImageView+WB_imageViewaddGeture.m */; };
		88D92FDB20E9D51700311B35 /* UIView+WB_ViewaddGesture.m in Sources */ = {isa = PBXBuildFile; fileRef = 88D92FCC20E9D51700311B35 /* UIView+WB_ViewaddGesture.m */; };
		88D92FDC20E9D51700311B35 /* UIImageView+WB_factoryImageView.m in Sources */ = {isa = PBXBuildFile; fileRef = 88D92FCD20E9D51700311B35 /* UIImageView+WB_factoryImageView.m */; };
		88D92FDD20E9D51700311B35 /* UITableView+WB_tableViewFatory.m in Sources */ = {isa = PBXBuildFile; fileRef = 88D92FCF20E9D51700311B35 /* UITableView+WB_tableViewFatory.m */; };
		9ACEF961A00702EB3D0EB2D4 /* libPods-BasicFrameWork.a in Frameworks */ = {isa = PBXBuildFile; fileRef = 81BEFAB9F6BC81779B1BB00F /* libPods-BasicFrameWork.a */; };
/* End PBXBuildFile section */

/* Begin PBXFileReference section */
		0B946C2216968A46AF08FA8C /* Pods-BasicFrameWork.debug.xcconfig */ = {isa = PBXFileReference; includeInIndex = 1; lastKnownFileType = text.xcconfig; name = "Pods-BasicFrameWork.debug.xcconfig"; path = "Pods/Target Support Files/Pods-BasicFrameWork/Pods-BasicFrameWork.debug.xcconfig"; sourceTree = "<group>"; };
		291F03CC872406D43C435CB3 /* Pods-BasicFrameWork.release.xcconfig */ = {isa = PBXFileReference; includeInIndex = 1; lastKnownFileType = text.xcconfig; name = "Pods-BasicFrameWork.release.xcconfig"; path = "Pods/Target Support Files/Pods-BasicFrameWork/Pods-BasicFrameWork.release.xcconfig"; sourceTree = "<group>"; };
		81BEFAB9F6BC81779B1BB00F /* libPods-BasicFrameWork.a */ = {isa = PBXFileReference; explicitFileType = archive.ar; includeInIndex = 0; path = "libPods-BasicFrameWork.a"; sourceTree = BUILT_PRODUCTS_DIR; };
		88A7BD5A20F358F20030246A /* UIImage+WB_CircleImage.h */ = {isa = PBXFileReference; fileEncoding = 4; lastKnownFileType = sourcecode.c.h; path = "UIImage+WB_CircleImage.h"; sourceTree = "<group>"; };
		88A7BD5B20F358F20030246A /* UIImage+WBreduceImage.m */ = {isa = PBXFileReference; fileEncoding = 4; lastKnownFileType = sourcecode.c.objc; path = "UIImage+WBreduceImage.m"; sourceTree = "<group>"; };
		88A7BD5C20F358F20030246A /* UIImage+WB_CircleImage.m */ = {isa = PBXFileReference; fileEncoding = 4; lastKnownFileType = sourcecode.c.objc; path = "UIImage+WB_CircleImage.m"; sourceTree = "<group>"; };
		88A7BD5D20F358F20030246A /* UIImage+WBreduceImage.h */ = {isa = PBXFileReference; fileEncoding = 4; lastKnownFileType = sourcecode.c.h; path = "UIImage+WBreduceImage.h"; sourceTree = "<group>"; };
		88D92F0520E4BC9900311B35 /* BasicFrameWork.app */ = {isa = PBXFileReference; explicitFileType = wrapper.application; includeInIndex = 0; path = BasicFrameWork.app; sourceTree = BUILT_PRODUCTS_DIR; };
		88D92F1120E4BC9A00311B35 /* Assets.xcassets */ = {isa = PBXFileReference; lastKnownFileType = folder.assetcatalog; path = Assets.xcassets; sourceTree = "<group>"; };
		88D92F2620E4BE5200311B35 /* ViewController.m */ = {isa = PBXFileReference; fileEncoding = 4; lastKnownFileType = sourcecode.c.objc; path = ViewController.m; sourceTree = "<group>"; };
		88D92F2720E4BE5200311B35 /* main.m */ = {isa = PBXFileReference; fileEncoding = 4; lastKnownFileType = sourcecode.c.objc; path = main.m; sourceTree = "<group>"; };
		88D92F2820E4BE5200311B35 /* Info.plist */ = {isa = PBXFileReference; fileEncoding = 4; lastKnownFileType = text.plist.xml; path = Info.plist; sourceTree = "<group>"; };
		88D92F2920E4BE5200311B35 /* ViewController.h */ = {isa = PBXFileReference; fileEncoding = 4; lastKnownFileType = sourcecode.c.h; path = ViewController.h; sourceTree = "<group>"; };
		88D92F2D20E4BE6100311B35 /* Default-568h@2x.png */ = {isa = PBXFileReference; lastKnownFileType = image.png; path = "Default-568h@2x.png"; sourceTree = "<group>"; };
		88D92F3020E4BEA900311B35 /* AppDelegate.h */ = {isa = PBXFileReference; fileEncoding = 4; lastKnownFileType = sourcecode.c.h; path = AppDelegate.h; sourceTree = "<group>"; };
		88D92F3120E4BEA900311B35 /* AppDelegate.m */ = {isa = PBXFileReference; fileEncoding = 4; lastKnownFileType = sourcecode.c.objc; path = AppDelegate.m; sourceTree = "<group>"; };
		88D92F3420E4C48C00311B35 /* GSKAlertViewController.h */ = {isa = PBXFileReference; fileEncoding = 4; lastKnownFileType = sourcecode.c.h; path = GSKAlertViewController.h; sourceTree = "<group>"; };
		88D92F3520E4C48C00311B35 /* GSKAlertViewController.m */ = {isa = PBXFileReference; fileEncoding = 4; lastKnownFileType = sourcecode.c.objc; path = GSKAlertViewController.m; sourceTree = "<group>"; };
		88D92F4620E4DA5100311B35 /* UIViewController+DismissKeyboard.m */ = {isa = PBXFileReference; fileEncoding = 4; lastKnownFileType = sourcecode.c.objc; path = "UIViewController+DismissKeyboard.m"; sourceTree = "<group>"; };
		88D92F4720E4DA5100311B35 /* UIViewController+DismissKeyboard.h */ = {isa = PBXFileReference; fileEncoding = 4; lastKnownFileType = sourcecode.c.h; path = "UIViewController+DismissKeyboard.h"; sourceTree = "<group>"; };
		88D92F4920E4DA5D00311B35 /* UIView+nextRespond.m */ = {isa = PBXFileReference; fileEncoding = 4; lastKnownFileType = sourcecode.c.objc; path = "UIView+nextRespond.m"; sourceTree = "<group>"; };
		88D92F4A20E4DA5D00311B35 /* UIView+nextRespond.h */ = {isa = PBXFileReference; fileEncoding = 4; lastKnownFileType = sourcecode.c.h; path = "UIView+nextRespond.h"; sourceTree = "<group>"; };
		88D92F4C20E4DA6E00311B35 /* UITableViewCell+WB_cellSparator.m */ = {isa = PBXFileReference; fileEncoding = 4; lastKnownFileType = sourcecode.c.objc; path = "UITableViewCell+WB_cellSparator.m"; sourceTree = "<group>"; };
		88D92F4D20E4DA6F00311B35 /* UITableViewCell+WB_cellSparator.h */ = {isa = PBXFileReference; fileEncoding = 4; lastKnownFileType = sourcecode.c.h; path = "UITableViewCell+WB_cellSparator.h"; sourceTree = "<group>"; };
		88D92F4F20E4DA7900311B35 /* UIResponder+Router.m */ = {isa = PBXFileReference; fileEncoding = 4; lastKnownFileType = sourcecode.c.objc; path = "UIResponder+Router.m"; sourceTree = "<group>"; };
		88D92F5020E4DA7900311B35 /* UIResponder+Router.h */ = {isa = PBXFileReference; fileEncoding = 4; lastKnownFileType = sourcecode.c.h; path = "UIResponder+Router.h"; sourceTree = "<group>"; };
		88D92F5220E4DB5A00311B35 /* NSString+MHCommon.m */ = {isa = PBXFileReference; fileEncoding = 4; lastKnownFileType = sourcecode.c.objc; path = "NSString+MHCommon.m"; sourceTree = "<group>"; };
		88D92F5320E4DB5A00311B35 /* NSString+WB__encryptionOrdecryption.h */ = {isa = PBXFileReference; fileEncoding = 4; lastKnownFileType = sourcecode.c.h; path = "NSString+WB__encryptionOrdecryption.h"; sourceTree = "<group>"; };
		88D92F5420E4DB5A00311B35 /* NSObject+WB_Helper.h */ = {isa = PBXFileReference; fileEncoding = 4; lastKnownFileType = sourcecode.c.h; path = "NSObject+WB_Helper.h"; sourceTree = "<group>"; };
		88D92F5520E4DB5A00311B35 /* NSString+WB__encryptionOrdecryption.m */ = {isa = PBXFileReference; fileEncoding = 4; lastKnownFileType = sourcecode.c.objc; path = "NSString+WB__encryptionOrdecryption.m"; sourceTree = "<group>"; };
		88D92F5620E4DB5A00311B35 /* NSObject+WB_Helper.m */ = {isa = PBXFileReference; fileEncoding = 4; lastKnownFileType = sourcecode.c.objc; path = "NSObject+WB_Helper.m"; sourceTree = "<group>"; };
		88D92F5720E4DB5A00311B35 /* NSArray+WB_array.m */ = {isa = PBXFileReference; fileEncoding = 4; lastKnownFileType = sourcecode.c.objc; path = "NSArray+WB_array.m"; sourceTree = "<group>"; };
		88D92F5820E4DB5A00311B35 /* NSArray+WB_array.h */ = {isa = PBXFileReference; fileEncoding = 4; lastKnownFileType = sourcecode.c.h; path = "NSArray+WB_array.h"; sourceTree = "<group>"; };
		88D92F5920E4DB5A00311B35 /* NSString+MHCommon.h */ = {isa = PBXFileReference; fileEncoding = 4; lastKnownFileType = sourcecode.c.h; path = "NSString+MHCommon.h"; sourceTree = "<group>"; };
		88D92F5E20E4DBA300311B35 /* CMManager.h */ = {isa = PBXFileReference; fileEncoding = 4; lastKnownFileType = sourcecode.c.h; path = CMManager.h; sourceTree = "<group>"; };
		88D92F5F20E4DBA300311B35 /* CMManager.m */ = {isa = PBXFileReference; fileEncoding = 4; lastKnownFileType = sourcecode.c.objc; path = CMManager.m; sourceTree = "<group>"; };
		88D92F6220E4DC4F00311B35 /* GTMBase64.h */ = {isa = PBXFileReference; fileEncoding = 4; lastKnownFileType = sourcecode.c.h; path = GTMBase64.h; sourceTree = "<group>"; };
		88D92F6320E4DC4F00311B35 /* GTMDefines.h */ = {isa = PBXFileReference; fileEncoding = 4; lastKnownFileType = sourcecode.c.h; path = GTMDefines.h; sourceTree = "<group>"; };
		88D92F6420E4DC4F00311B35 /* GTMBase64.m */ = {isa = PBXFileReference; fileEncoding = 4; lastKnownFileType = sourcecode.c.objc; path = GTMBase64.m; sourceTree = "<group>"; };
		88D92F6620E4E28A00311B35 /* SingletonTemplate.h */ = {isa = PBXFileReference; fileEncoding = 4; lastKnownFileType = sourcecode.c.h; path = SingletonTemplate.h; sourceTree = "<group>"; };
		88D92FAB20E9D34D00311B35 /* UIView+Extension.m */ = {isa = PBXFileReference; fileEncoding = 4; lastKnownFileType = sourcecode.c.objc; path = "UIView+Extension.m"; sourceTree = "<group>"; };
		88D92FAC20E9D34D00311B35 /* UIView+Extension.h */ = {isa = PBXFileReference; fileEncoding = 4; lastKnownFileType = sourcecode.c.h; path = "UIView+Extension.h"; sourceTree = "<group>"; };
		88D92FAD20E9D34E00311B35 /* UIView+BorderLine.h */ = {isa = PBXFileReference; fileEncoding = 4; lastKnownFileType = sourcecode.c.h; path = "UIView+BorderLine.h"; sourceTree = "<group>"; };
		88D92FAE20E9D34E00311B35 /* UIView+BorderLine.m */ = {isa = PBXFileReference; fileEncoding = 4; lastKnownFileType = sourcecode.c.objc; path = "UIView+BorderLine.m"; sourceTree = "<group>"; };
		88D92FB120E9D3A500311B35 /* UIColor+MHCommon.h */ = {isa = PBXFileReference; fileEncoding = 4; lastKnownFileType = sourcecode.c.h; path = "UIColor+MHCommon.h"; sourceTree = "<group>"; };
		88D92FB220E9D3A500311B35 /* UIColor+MHCommon.m */ = {isa = PBXFileReference; fileEncoding = 4; lastKnownFileType = sourcecode.c.objc; path = "UIColor+MHCommon.m"; sourceTree = "<group>"; };
		88D92FB420E9D41B00311B35 /* BasicFramePrefixHeader.pch */ = {isa = PBXFileReference; lastKnownFileType = sourcecode.c.h; path = BasicFramePrefixHeader.pch; sourceTree = "<group>"; };
		88D92FB520E9D4B700311B35 /* NotificationConst.h */ = {isa = PBXFileReference; fileEncoding = 4; lastKnownFileType = sourcecode.c.h; path = NotificationConst.h; sourceTree = "<group>"; };
		88D92FB620E9D4B700311B35 /* NotificationConst.m */ = {isa = PBXFileReference; fileEncoding = 4; lastKnownFileType = sourcecode.c.objc; path = NotificationConst.m; sourceTree = "<group>"; };
		88D92FB720E9D4B700311B35 /* ColorsHeader.h */ = {isa = PBXFileReference; fileEncoding = 4; lastKnownFileType = sourcecode.c.h; path = ColorsHeader.h; sourceTree = "<group>"; };
		88D92FB820E9D4B700311B35 /* DefineHeader.h */ = {isa = PBXFileReference; fileEncoding = 4; lastKnownFileType = sourcecode.c.h; path = DefineHeader.h; sourceTree = "<group>"; };
		88D92FBC20E9D51700311B35 /* UICollectionView+WB_collectionViewFatory.m */ = {isa = PBXFileReference; fileEncoding = 4; lastKnownFileType = sourcecode.c.objc; path = "UICollectionView+WB_collectionViewFatory.m"; sourceTree = "<group>"; };
		88D92FBD20E9D51700311B35 /* UIGestureRecognizer+WB_gestyre.h */ = {isa = PBXFileReference; fileEncoding = 4; lastKnownFileType = sourcecode.c.h; path = "UIGestureRecognizer+WB_gestyre.h"; sourceTree = "<group>"; };
		88D92FBE20E9D51700311B35 /* UIView+WB_viewFatory.m */ = {isa = PBXFileReference; fileEncoding = 4; lastKnownFileType = sourcecode.c.objc; path = "UIView+WB_viewFatory.m"; sourceTree = "<group>"; };
		88D92FBF20E9D51700311B35 /* UIButton+WB_buttonFatory.m */ = {isa = PBXFileReference; fileEncoding = 4; lastKnownFileType = sourcecode.c.objc; path = "UIButton+WB_buttonFatory.m"; sourceTree = "<group>"; };
		88D92FC020E9D51700311B35 /* UIImageView+WB_imageViewaddGeture.h */ = {isa = PBXFileReference; fileEncoding = 4; lastKnownFileType = sourcecode.c.h; path = "UIImageView+WB_imageViewaddGeture.h"; sourceTree = "<group>"; };
		88D92FC120E9D51700311B35 /* UILabel+WB_LabelFatory.m */ = {isa = PBXFileReference; fileEncoding = 4; lastKnownFileType = sourcecode.c.objc; path = "UILabel+WB_LabelFatory.m"; sourceTree = "<group>"; };
		88D92FC220E9D51700311B35 /* UIImageView+WB_factoryImageView.h */ = {isa = PBXFileReference; fileEncoding = 4; lastKnownFileType = sourcecode.c.h; path = "UIImageView+WB_factoryImageView.h"; sourceTree = "<group>"; };
		88D92FC320E9D51700311B35 /* UIView+WB_ViewaddGesture.h */ = {isa = PBXFileReference; fileEncoding = 4; lastKnownFileType = sourcecode.c.h; path = "UIView+WB_ViewaddGesture.h"; sourceTree = "<group>"; };
		88D92FC420E9D51700311B35 /* UITextField+WB_textFieldFatory.m */ = {isa = PBXFileReference; fileEncoding = 4; lastKnownFileType = sourcecode.c.objc; path = "UITextField+WB_textFieldFatory.m"; sourceTree = "<group>"; };
		88D92FC520E9D51700311B35 /* UITableView+WB_tableViewFatory.h */ = {isa = PBXFileReference; fileEncoding = 4; lastKnownFileType = sourcecode.c.h; path = "UITableView+WB_tableViewFatory.h"; sourceTree = "<group>"; };
		88D92FC620E9D51700311B35 /* UIGestureRecognizer+WB_gestyre.m */ = {isa = PBXFileReference; fileEncoding = 4; lastKnownFileType = sourcecode.c.objc; path = "UIGestureRecognizer+WB_gestyre.m"; sourceTree = "<group>"; };
		88D92FC720E9D51700311B35 /* UICollectionView+WB_collectionViewFatory.h */ = {isa = PBXFileReference; fileEncoding = 4; lastKnownFileType = sourcecode.c.h; path = "UICollectionView+WB_collectionViewFatory.h"; sourceTree = "<group>"; };
		88D92FC820E9D51700311B35 /* UIImageView+WB_imageViewaddGeture.m */ = {isa = PBXFileReference; fileEncoding = 4; lastKnownFileType = sourcecode.c.objc; path = "UIImageView+WB_imageViewaddGeture.m"; sourceTree = "<group>"; };
		88D92FC920E9D51700311B35 /* UIButton+WB_buttonFatory.h */ = {isa = PBXFileReference; fileEncoding = 4; lastKnownFileType = sourcecode.c.h; path = "UIButton+WB_buttonFatory.h"; sourceTree = "<group>"; };
		88D92FCA20E9D51700311B35 /* UIView+WB_viewFatory.h */ = {isa = PBXFileReference; fileEncoding = 4; lastKnownFileType = sourcecode.c.h; path = "UIView+WB_viewFatory.h"; sourceTree = "<group>"; };
		88D92FCB20E9D51700311B35 /* UITextField+WB_textFieldFatory.h */ = {isa = PBXFileReference; fileEncoding = 4; lastKnownFileType = sourcecode.c.h; path = "UITextField+WB_textFieldFatory.h"; sourceTree = "<group>"; };
		88D92FCC20E9D51700311B35 /* UIView+WB_ViewaddGesture.m */ = {isa = PBXFileReference; fileEncoding = 4; lastKnownFileType = sourcecode.c.objc; path = "UIView+WB_ViewaddGesture.m"; sourceTree = "<group>"; };
		88D92FCD20E9D51700311B35 /* UIImageView+WB_factoryImageView.m */ = {isa = PBXFileReference; fileEncoding = 4; lastKnownFileType = sourcecode.c.objc; path = "UIImageView+WB_factoryImageView.m"; sourceTree = "<group>"; };
		88D92FCE20E9D51700311B35 /* UILabel+WB_LabelFatory.h */ = {isa = PBXFileReference; fileEncoding = 4; lastKnownFileType = sourcecode.c.h; path = "UILabel+WB_LabelFatory.h"; sourceTree = "<group>"; };
		88D92FCF20E9D51700311B35 /* UITableView+WB_tableViewFatory.m */ = {isa = PBXFileReference; fileEncoding = 4; lastKnownFileType = sourcecode.c.objc; path = "UITableView+WB_tableViewFatory.m"; sourceTree = "<group>"; };
		88D92FD120E9D51700311B35 /* WBCommonHeader.h */ = {isa = PBXFileReference; fileEncoding = 4; lastKnownFileType = sourcecode.c.h; path = WBCommonHeader.h; sourceTree = "<group>"; };
		88D92FD220E9D51700311B35 /* WBHelper.h */ = {isa = PBXFileReference; fileEncoding = 4; lastKnownFileType = sourcecode.c.h; path = WBHelper.h; sourceTree = "<group>"; };
/* End PBXFileReference section */

/* Begin PBXFrameworksBuildPhase section */
		88D92F0220E4BC9900311B35 /* Frameworks */ = {
			isa = PBXFrameworksBuildPhase;
			buildActionMask = 2147483647;
			files = (
				9ACEF961A00702EB3D0EB2D4 /* libPods-BasicFrameWork.a in Frameworks */,
			);
			runOnlyForDeploymentPostprocessing = 0;
		};
/* End PBXFrameworksBuildPhase section */

/* Begin PBXGroup section */
		3ABEE5B0B9500DBEE85D3DB6 /* Pods */ = {
			isa = PBXGroup;
			children = (
				0B946C2216968A46AF08FA8C /* Pods-BasicFrameWork.debug.xcconfig */,
				291F03CC872406D43C435CB3 /* Pods-BasicFrameWork.release.xcconfig */,
			);
			name = Pods;
			sourceTree = "<group>";
		};
		88D92EFC20E4BC9900311B35 = {
			isa = PBXGroup;
			children = (
				88D92F2D20E4BE6100311B35 /* Default-568h@2x.png */,
				88D92F0720E4BC9900311B35 /* BasicFrameWork */,
				88D92F0620E4BC9900311B35 /* Products */,
				3ABEE5B0B9500DBEE85D3DB6 /* Pods */,
				B2FE0AB0DE53C87F7A157230 /* Frameworks */,
			);
			sourceTree = "<group>";
		};
		88D92F0620E4BC9900311B35 /* Products */ = {
			isa = PBXGroup;
			children = (
				88D92F0520E4BC9900311B35 /* BasicFrameWork.app */,
			);
			name = Products;
			sourceTree = "<group>";
		};
		88D92F0720E4BC9900311B35 /* BasicFrameWork */ = {
			isa = PBXGroup;
			children = (
				88D92F1E20E4BD1600311B35 /* Classes */,
				88D92F2F20E4BEA900311B35 /* AppDelegate */,
				88D92F2420E4BD2500311B35 /* 3rdparty */,
				88D92F2520E4BE5200311B35 /* SupportingFiles */,
				88D92F1120E4BC9A00311B35 /* Assets.xcassets */,
			);
			path = BasicFrameWork;
			sourceTree = "<group>";
		};
		88D92F1E20E4BD1600311B35 /* Classes */ = {
			isa = PBXGroup;
			children = (
				88D92F2020E4BD1600311B35 /* Tools */,
				88D92F6620E4E28A00311B35 /* SingletonTemplate.h */,
				88D92F2120E4BD1600311B35 /* General */,
				88D92F2220E4BD1600311B35 /* Others */,
				88D92F2320E4BD1600311B35 /* Macro */,
				88D92F4320E4D68A00311B35 /* Category */,
				88D92F1F20E4BD1600311B35 /* Sections */,
			);
			path = Classes;
			sourceTree = "<group>";
		};
		88D92F1F20E4BD1600311B35 /* Sections */ = {
			isa = PBXGroup;
			children = (
				88D92F3320E4C19F00311B35 /* Login */,
			);
			path = Sections;
			sourceTree = "<group>";
		};
		88D92F2020E4BD1600311B35 /* Tools */ = {
			isa = PBXGroup;
			children = (
				88D92FBA20E9D51700311B35 /* WBkIT */,
			);
			path = Tools;
			sourceTree = "<group>";
		};
		88D92F2120E4BD1600311B35 /* General */ = {
			isa = PBXGroup;
			children = (
				88D92F3420E4C48C00311B35 /* GSKAlertViewController.h */,
				88D92F3520E4C48C00311B35 /* GSKAlertViewController.m */,
				88D92F5E20E4DBA300311B35 /* CMManager.h */,
				88D92F5F20E4DBA300311B35 /* CMManager.m */,
			);
			path = General;
			sourceTree = "<group>";
		};
		88D92F2220E4BD1600311B35 /* Others */ = {
			isa = PBXGroup;
			children = (
			);
			path = Others;
			sourceTree = "<group>";
		};
		88D92F2320E4BD1600311B35 /* Macro */ = {
			isa = PBXGroup;
			children = (
				88D92FB520E9D4B700311B35 /* NotificationConst.h */,
				88D92FB620E9D4B700311B35 /* NotificationConst.m */,
				88D92FB820E9D4B700311B35 /* DefineHeader.h */,
				88D92FB720E9D4B700311B35 /* ColorsHeader.h */,
			);
			path = Macro;
			sourceTree = "<group>";
		};
		88D92F2420E4BD2500311B35 /* 3rdparty */ = {
			isa = PBXGroup;
			children = (
				88D92F6120E4DC4F00311B35 /* GTMBase64 */,
			);
			path = 3rdparty;
			sourceTree = "<group>";
		};
		88D92F2520E4BE5200311B35 /* SupportingFiles */ = {
			isa = PBXGroup;
			children = (
				88D92F2820E4BE5200311B35 /* Info.plist */,
				88D92F2720E4BE5200311B35 /* main.m */,
				88D92F2920E4BE5200311B35 /* ViewController.h */,
				88D92F2620E4BE5200311B35 /* ViewController.m */,
				88D92FB420E9D41B00311B35 /* BasicFramePrefixHeader.pch */,
			);
			path = SupportingFiles;
			sourceTree = "<group>";
		};
		88D92F2F20E4BEA900311B35 /* AppDelegate */ = {
			isa = PBXGroup;
			children = (
				88D92F3020E4BEA900311B35 /* AppDelegate.h */,
				88D92F3120E4BEA900311B35 /* AppDelegate.m */,
			);
			name = AppDelegate;
			path = BasicFrameWork/AppDelegate;
			sourceTree = SOURCE_ROOT;
		};
		88D92F3320E4C19F00311B35 /* Login */ = {
			isa = PBXGroup;
			children = (
			);
			path = Login;
			sourceTree = "<group>";
		};
		88D92F4320E4D68A00311B35 /* Category */ = {
			isa = PBXGroup;
			children = (
				88D92F4520E4DA2300311B35 /* Foundation */,
				88D92F4420E4DA2300311B35 /* UIKit */,
			);
			path = Category;
			sourceTree = "<group>";
		};
		88D92F4420E4DA2300311B35 /* UIKit */ = {
			isa = PBXGroup;
			children = (
				88A7BD5A20F358F20030246A /* UIImage+WB_CircleImage.h */,
				88A7BD5C20F358F20030246A /* UIImage+WB_CircleImage.m */,
				88A7BD5D20F358F20030246A /* UIImage+WBreduceImage.h */,
				88A7BD5B20F358F20030246A /* UIImage+WBreduceImage.m */,
				88D92FB120E9D3A500311B35 /* UIColor+MHCommon.h */,
				88D92FB220E9D3A500311B35 /* UIColor+MHCommon.m */,
				88D92F5020E4DA7900311B35 /* UIResponder+Router.h */,
				88D92F4F20E4DA7900311B35 /* UIResponder+Router.m */,
				88D92F4D20E4DA6F00311B35 /* UITableViewCell+WB_cellSparator.h */,
				88D92F4C20E4DA6E00311B35 /* UITableViewCell+WB_cellSparator.m */,
				88D92F4A20E4DA5D00311B35 /* UIView+nextRespond.h */,
				88D92F4920E4DA5D00311B35 /* UIView+nextRespond.m */,
				88D92F4720E4DA5100311B35 /* UIViewController+DismissKeyboard.h */,
				88D92F4620E4DA5100311B35 /* UIViewController+DismissKeyboard.m */,
				88D92FAD20E9D34E00311B35 /* UIView+BorderLine.h */,
				88D92FAE20E9D34E00311B35 /* UIView+BorderLine.m */,
				88D92FAC20E9D34D00311B35 /* UIView+Extension.h */,
				88D92FAB20E9D34D00311B35 /* UIView+Extension.m */,
			);
			path = UIKit;
			sourceTree = "<group>";
		};
		88D92F4520E4DA2300311B35 /* Foundation */ = {
			isa = PBXGroup;
			children = (
				88D92F5820E4DB5A00311B35 /* NSArray+WB_array.h */,
				88D92F5720E4DB5A00311B35 /* NSArray+WB_array.m */,
				88D92F5420E4DB5A00311B35 /* NSObject+WB_Helper.h */,
				88D92F5620E4DB5A00311B35 /* NSObject+WB_Helper.m */,
				88D92F5920E4DB5A00311B35 /* NSString+MHCommon.h */,
				88D92F5220E4DB5A00311B35 /* NSString+MHCommon.m */,
				88D92F5320E4DB5A00311B35 /* NSString+WB__encryptionOrdecryption.h */,
				88D92F5520E4DB5A00311B35 /* NSString+WB__encryptionOrdecryption.m */,
			);
			path = Foundation;
			sourceTree = "<group>";
		};
		88D92F6120E4DC4F00311B35 /* GTMBase64 */ = {
			isa = PBXGroup;
			children = (
				88D92F6220E4DC4F00311B35 /* GTMBase64.h */,
				88D92F6320E4DC4F00311B35 /* GTMDefines.h */,
				88D92F6420E4DC4F00311B35 /* GTMBase64.m */,
			);
			path = GTMBase64;
			sourceTree = "<group>";
		};
		88D92FBA20E9D51700311B35 /* WBkIT */ = {
			isa = PBXGroup;
			children = (
				88D92FBB20E9D51700311B35 /* Fatory */,
				88D92FD020E9D51700311B35 /* Header */,
				88D92FD320E9D51700311B35 /* Tool */,
			);
			path = WBkIT;
			sourceTree = "<group>";
		};
		88D92FBB20E9D51700311B35 /* Fatory */ = {
			isa = PBXGroup;
			children = (
				88D92FBC20E9D51700311B35 /* UICollectionView+WB_collectionViewFatory.m */,
				88D92FBD20E9D51700311B35 /* UIGestureRecognizer+WB_gestyre.h */,
				88D92FBE20E9D51700311B35 /* UIView+WB_viewFatory.m */,
				88D92FBF20E9D51700311B35 /* UIButton+WB_buttonFatory.m */,
				88D92FC020E9D51700311B35 /* UIImageView+WB_imageViewaddGeture.h */,
				88D92FC120E9D51700311B35 /* UILabel+WB_LabelFatory.m */,
				88D92FC220E9D51700311B35 /* UIImageView+WB_factoryImageView.h */,
				88D92FC320E9D51700311B35 /* UIView+WB_ViewaddGesture.h */,
				88D92FC420E9D51700311B35 /* UITextField+WB_textFieldFatory.m */,
				88D92FC520E9D51700311B35 /* UITableView+WB_tableViewFatory.h */,
				88D92FC620E9D51700311B35 /* UIGestureRecognizer+WB_gestyre.m */,
				88D92FC720E9D51700311B35 /* UICollectionView+WB_collectionViewFatory.h */,
				88D92FC820E9D51700311B35 /* UIImageView+WB_imageViewaddGeture.m */,
				88D92FC920E9D51700311B35 /* UIButton+WB_buttonFatory.h */,
				88D92FCA20E9D51700311B35 /* UIView+WB_viewFatory.h */,
				88D92FCB20E9D51700311B35 /* UITextField+WB_textFieldFatory.h */,
				88D92FCC20E9D51700311B35 /* UIView+WB_ViewaddGesture.m */,
				88D92FCD20E9D51700311B35 /* UIImageView+WB_factoryImageView.m */,
				88D92FCE20E9D51700311B35 /* UILabel+WB_LabelFatory.h */,
				88D92FCF20E9D51700311B35 /* UITableView+WB_tableViewFatory.m */,
			);
			path = Fatory;
			sourceTree = "<group>";
		};
		88D92FD020E9D51700311B35 /* Header */ = {
			isa = PBXGroup;
			children = (
				88D92FD120E9D51700311B35 /* WBCommonHeader.h */,
				88D92FD220E9D51700311B35 /* WBHelper.h */,
			);
			path = Header;
			sourceTree = "<group>";
		};
		88D92FD320E9D51700311B35 /* Tool */ = {
			isa = PBXGroup;
			children = (
			);
			path = Tool;
			sourceTree = "<group>";
		};
		B2FE0AB0DE53C87F7A157230 /* Frameworks */ = {
			isa = PBXGroup;
			children = (
				81BEFAB9F6BC81779B1BB00F /* libPods-BasicFrameWork.a */,
			);
			name = Frameworks;
			sourceTree = "<group>";
		};
/* End PBXGroup section */

/* Begin PBXNativeTarget section */
		88D92F0420E4BC9900311B35 /* BasicFrameWork */ = {
			isa = PBXNativeTarget;
			buildConfigurationList = 88D92F1B20E4BC9A00311B35 /* Build configuration list for PBXNativeTarget "BasicFrameWork" */;
			buildPhases = (
				3B048CA35387C469E0EC8ABD /* [CP] Check Pods Manifest.lock */,
				88D92F0120E4BC9900311B35 /* Sources */,
				88D92F0220E4BC9900311B35 /* Frameworks */,
				88D92F0320E4BC9900311B35 /* Resources */,
				ECDC3E6D5044B619629E1EED /* [CP] Copy Pods Resources */,
			);
			buildRules = (
			);
			dependencies = (
			);
			name = BasicFrameWork;
			productName = BasicFrameWork;
			productReference = 88D92F0520E4BC9900311B35 /* BasicFrameWork.app */;
			productType = "com.apple.product-type.application";
		};
/* End PBXNativeTarget section */

/* Begin PBXProject section */
		88D92EFD20E4BC9900311B35 /* Project object */ = {
			isa = PBXProject;
			attributes = {
				LastUpgradeCheck = 0940;
				ORGANIZATIONNAME = WB;
				TargetAttributes = {
					88D92F0420E4BC9900311B35 = {
						CreatedOnToolsVersion = 9.4.1;
					};
				};
			};
			buildConfigurationList = 88D92F0020E4BC9900311B35 /* Build configuration list for PBXProject "BasicFrameWork" */;
			compatibilityVersion = "Xcode 9.3";
			developmentRegion = en;
			hasScannedForEncodings = 0;
			knownRegions = (
				en,
				Base,
			);
			mainGroup = 88D92EFC20E4BC9900311B35;
			productRefGroup = 88D92F0620E4BC9900311B35 /* Products */;
			projectDirPath = "";
			projectRoot = "";
			targets = (
				88D92F0420E4BC9900311B35 /* BasicFrameWork */,
			);
		};
/* End PBXProject section */

/* Begin PBXResourcesBuildPhase section */
		88D92F0320E4BC9900311B35 /* Resources */ = {
			isa = PBXResourcesBuildPhase;
			buildActionMask = 2147483647;
			files = (
				88D92F1220E4BC9A00311B35 /* Assets.xcassets in Resources */,
				88D92F2E20E4BE6100311B35 /* Default-568h@2x.png in Resources */,
			);
			runOnlyForDeploymentPostprocessing = 0;
		};
/* End PBXResourcesBuildPhase section */

/* Begin PBXShellScriptBuildPhase section */
		3B048CA35387C469E0EC8ABD /* [CP] Check Pods Manifest.lock */ = {
			isa = PBXShellScriptBuildPhase;
			buildActionMask = 2147483647;
			files = (
			);
			inputPaths = (
				"${PODS_PODFILE_DIR_PATH}/Podfile.lock",
				"${PODS_ROOT}/Manifest.lock",
			);
			name = "[CP] Check Pods Manifest.lock";
			outputPaths = (
				"$(DERIVED_FILE_DIR)/Pods-BasicFrameWork-checkManifestLockResult.txt",
			);
			runOnlyForDeploymentPostprocessing = 0;
			shellPath = /bin/sh;
			shellScript = "diff \"${PODS_PODFILE_DIR_PATH}/Podfile.lock\" \"${PODS_ROOT}/Manifest.lock\" > /dev/null\nif [ $? != 0 ] ; then\n    # print error to STDERR\n    echo \"error: The sandbox is not in sync with the Podfile.lock. Run 'pod install' or update your CocoaPods installation.\" >&2\n    exit 1\nfi\n# This output is used by Xcode 'outputs' to avoid re-running this script phase.\necho \"SUCCESS\" > \"${SCRIPT_OUTPUT_FILE_0}\"\n";
			showEnvVarsInLog = 0;
		};
		ECDC3E6D5044B619629E1EED /* [CP] Copy Pods Resources */ = {
			isa = PBXShellScriptBuildPhase;
			buildActionMask = 2147483647;
			files = (
			);
			inputPaths = (
				"${SRCROOT}/Pods/Target Support Files/Pods-BasicFrameWork/Pods-BasicFrameWork-resources.sh",
				"${PODS_ROOT}/SVProgressHUD/SVProgressHUD/SVProgressHUD.bundle",
			);
			name = "[CP] Copy Pods Resources";
			outputPaths = (
				"${TARGET_BUILD_DIR}/${UNLOCALIZED_RESOURCES_FOLDER_PATH}/SVProgressHUD.bundle",
			);
			runOnlyForDeploymentPostprocessing = 0;
			shellPath = /bin/sh;
			shellScript = "\"${SRCROOT}/Pods/Target Support Files/Pods-BasicFrameWork/Pods-BasicFrameWork-resources.sh\"\n";
			showEnvVarsInLog = 0;
		};
/* End PBXShellScriptBuildPhase section */

/* Begin PBXSourcesBuildPhase section */
		88D92F0120E4BC9900311B35 /* Sources */ = {
			isa = PBXSourcesBuildPhase;
			buildActionMask = 2147483647;
			files = (
				88D92FAF20E9D34E00311B35 /* UIView+Extension.m in Sources */,
				88D92FD520E9D51700311B35 /* UIView+WB_viewFatory.m in Sources */,
				88D92FDB20E9D51700311B35 /* UIView+WB_ViewaddGesture.m in Sources */,
				88D92F4820E4DA5100311B35 /* UIViewController+DismissKeyboard.m in Sources */,
				88A7BD5F20F358F30030246A /* UIImage+WB_CircleImage.m in Sources */,
				88D92F4B20E4DA5E00311B35 /* UIView+nextRespond.m in Sources */,
				88D92F2B20E4BE5200311B35 /* main.m in Sources */,
				88D92FB920E9D4B700311B35 /* NotificationConst.m in Sources */,
				88D92FD820E9D51700311B35 /* UITextField+WB_textFieldFatory.m in Sources */,
				88D92F5C20E4DB5A00311B35 /* NSObject+WB_Helper.m in Sources */,
				88D92FD420E9D51700311B35 /* UICollectionView+WB_collectionViewFatory.m in Sources */,
				88D92F5120E4DA7A00311B35 /* UIResponder+Router.m in Sources */,
				88D92F4E20E4DA6F00311B35 /* UITableViewCell+WB_cellSparator.m in Sources */,
				88D92F2A20E4BE5200311B35 /* ViewController.m in Sources */,
				88D92FDC20E9D51700311B35 /* UIImageView+WB_factoryImageView.m in Sources */,
				88D92FD720E9D51700311B35 /* UILabel+WB_LabelFatory.m in Sources */,
				88D92FDA20E9D51700311B35 /* UIImageView+WB_imageViewaddGeture.m in Sources */,
				88D92FB020E9D34E00311B35 /* UIView+BorderLine.m in Sources */,
				88D92F5D20E4DB5A00311B35 /* NSArray+WB_array.m in Sources */,
				88D92FD620E9D51700311B35 /* UIButton+WB_buttonFatory.m in Sources */,
				88D92F3220E4BEA900311B35 /* AppDelegate.m in Sources */,
				88D92F5A20E4DB5A00311B35 /* NSString+MHCommon.m in Sources */,
				88D92F6020E4DBA300311B35 /* CMManager.m in Sources */,
				88D92FDD20E9D51700311B35 /* UITableView+WB_tableViewFatory.m in Sources */,
				88D92F3620E4C48C00311B35 /* GSKAlertViewController.m in Sources */,
				88D92FD920E9D51700311B35 /* UIGestureRecognizer+WB_gestyre.m in Sources */,
				88D92F5B20E4DB5A00311B35 /* NSString+WB__encryptionOrdecryption.m in Sources */,
				88D92F6520E4DC4F00311B35 /* GTMBase64.m in Sources */,
				88D92FB320E9D3A500311B35 /* UIColor+MHCommon.m in Sources */,
				88A7BD5E20F358F30030246A /* UIImage+WBreduceImage.m in Sources */,
			);
			runOnlyForDeploymentPostprocessing = 0;
		};
/* End PBXSourcesBuildPhase section */

/* Begin XCBuildConfiguration section */
		88D92F1920E4BC9A00311B35 /* Debug */ = {
			isa = XCBuildConfiguration;
			buildSettings = {
				ALWAYS_SEARCH_USER_PATHS = NO;
				CLANG_ANALYZER_NONNULL = YES;
				CLANG_ANALYZER_NUMBER_OBJECT_CONVERSION = YES_AGGRESSIVE;
				CLANG_CXX_LANGUAGE_STANDARD = "gnu++14";
				CLANG_CXX_LIBRARY = "libc++";
				CLANG_ENABLE_MODULES = YES;
				CLANG_ENABLE_OBJC_ARC = YES;
				CLANG_ENABLE_OBJC_WEAK = YES;
				CLANG_WARN_BLOCK_CAPTURE_AUTORELEASING = YES;
				CLANG_WARN_BOOL_CONVERSION = YES;
				CLANG_WARN_COMMA = YES;
				CLANG_WARN_CONSTANT_CONVERSION = YES;
				CLANG_WARN_DEPRECATED_OBJC_IMPLEMENTATIONS = YES;
				CLANG_WARN_DIRECT_OBJC_ISA_USAGE = YES_ERROR;
				CLANG_WARN_DOCUMENTATION_COMMENTS = YES;
				CLANG_WARN_EMPTY_BODY = YES;
				CLANG_WARN_ENUM_CONVERSION = YES;
				CLANG_WARN_INFINITE_RECURSION = YES;
				CLANG_WARN_INT_CONVERSION = YES;
				CLANG_WARN_NON_LITERAL_NULL_CONVERSION = YES;
				CLANG_WARN_OBJC_IMPLICIT_RETAIN_SELF = YES;
				CLANG_WARN_OBJC_LITERAL_CONVERSION = YES;
				CLANG_WARN_OBJC_ROOT_CLASS = YES_ERROR;
				CLANG_WARN_RANGE_LOOP_ANALYSIS = YES;
				CLANG_WARN_STRICT_PROTOTYPES = YES;
				CLANG_WARN_SUSPICIOUS_MOVE = YES;
				CLANG_WARN_UNGUARDED_AVAILABILITY = YES_AGGRESSIVE;
				CLANG_WARN_UNREACHABLE_CODE = YES;
				CLANG_WARN__DUPLICATE_METHOD_MATCH = YES;
				CODE_SIGN_IDENTITY = "iPhone Developer";
				COPY_PHASE_STRIP = NO;
				DEBUG_INFORMATION_FORMAT = dwarf;
				ENABLE_STRICT_OBJC_MSGSEND = YES;
				ENABLE_TESTABILITY = YES;
				GCC_C_LANGUAGE_STANDARD = gnu11;
				GCC_DYNAMIC_NO_PIC = NO;
				GCC_NO_COMMON_BLOCKS = YES;
				GCC_OPTIMIZATION_LEVEL = 0;
				GCC_PREPROCESSOR_DEFINITIONS = (
					"DEBUG=1",
					"$(inherited)",
				);
				GCC_WARN_64_TO_32_BIT_CONVERSION = YES;
				GCC_WARN_ABOUT_RETURN_TYPE = YES_ERROR;
				GCC_WARN_UNDECLARED_SELECTOR = YES;
				GCC_WARN_UNINITIALIZED_AUTOS = YES_AGGRESSIVE;
				GCC_WARN_UNUSED_FUNCTION = YES;
				GCC_WARN_UNUSED_VARIABLE = YES;
				IPHONEOS_DEPLOYMENT_TARGET = 8.0;
				MTL_ENABLE_DEBUG_INFO = YES;
				ONLY_ACTIVE_ARCH = YES;
				SDKROOT = iphoneos;
			};
			name = Debug;
		};
		88D92F1A20E4BC9A00311B35 /* Release */ = {
			isa = XCBuildConfiguration;
			buildSettings = {
				ALWAYS_SEARCH_USER_PATHS = NO;
				CLANG_ANALYZER_NONNULL = YES;
				CLANG_ANALYZER_NUMBER_OBJECT_CONVERSION = YES_AGGRESSIVE;
				CLANG_CXX_LANGUAGE_STANDARD = "gnu++14";
				CLANG_CXX_LIBRARY = "libc++";
				CLANG_ENABLE_MODULES = YES;
				CLANG_ENABLE_OBJC_ARC = YES;
				CLANG_ENABLE_OBJC_WEAK = YES;
				CLANG_WARN_BLOCK_CAPTURE_AUTORELEASING = YES;
				CLANG_WARN_BOOL_CONVERSION = YES;
				CLANG_WARN_COMMA = YES;
				CLANG_WARN_CONSTANT_CONVERSION = YES;
				CLANG_WARN_DEPRECATED_OBJC_IMPLEMENTATIONS = YES;
				CLANG_WARN_DIRECT_OBJC_ISA_USAGE = YES_ERROR;
				CLANG_WARN_DOCUMENTATION_COMMENTS = YES;
				CLANG_WARN_EMPTY_BODY = YES;
				CLANG_WARN_ENUM_CONVERSION = YES;
				CLANG_WARN_INFINITE_RECURSION = YES;
				CLANG_WARN_INT_CONVERSION = YES;
				CLANG_WARN_NON_LITERAL_NULL_CONVERSION = YES;
				CLANG_WARN_OBJC_IMPLICIT_RETAIN_SELF = YES;
				CLANG_WARN_OBJC_LITERAL_CONVERSION = YES;
				CLANG_WARN_OBJC_ROOT_CLASS = YES_ERROR;
				CLANG_WARN_RANGE_LOOP_ANALYSIS = YES;
				CLANG_WARN_STRICT_PROTOTYPES = YES;
				CLANG_WARN_SUSPICIOUS_MOVE = YES;
				CLANG_WARN_UNGUARDED_AVAILABILITY = YES_AGGRESSIVE;
				CLANG_WARN_UNREACHABLE_CODE = YES;
				CLANG_WARN__DUPLICATE_METHOD_MATCH = YES;
				CODE_SIGN_IDENTITY = "iPhone Developer";
				COPY_PHASE_STRIP = NO;
				DEBUG_INFORMATION_FORMAT = "dwarf-with-dsym";
				ENABLE_NS_ASSERTIONS = NO;
				ENABLE_STRICT_OBJC_MSGSEND = YES;
				GCC_C_LANGUAGE_STANDARD = gnu11;
				GCC_NO_COMMON_BLOCKS = YES;
				GCC_WARN_64_TO_32_BIT_CONVERSION = YES;
				GCC_WARN_ABOUT_RETURN_TYPE = YES_ERROR;
				GCC_WARN_UNDECLARED_SELECTOR = YES;
				GCC_WARN_UNINITIALIZED_AUTOS = YES_AGGRESSIVE;
				GCC_WARN_UNUSED_FUNCTION = YES;
				GCC_WARN_UNUSED_VARIABLE = YES;
				IPHONEOS_DEPLOYMENT_TARGET = 8.0;
				MTL_ENABLE_DEBUG_INFO = NO;
				SDKROOT = iphoneos;
				VALIDATE_PRODUCT = YES;
			};
			name = Release;
		};
		88D92F1C20E4BC9A00311B35 /* Debug */ = {
			isa = XCBuildConfiguration;
			baseConfigurationReference = 0B946C2216968A46AF08FA8C /* Pods-BasicFrameWork.debug.xcconfig */;
			buildSettings = {
				ASSETCATALOG_COMPILER_APPICON_NAME = AppIcon;
				ASSETCATALOG_COMPILER_LAUNCHIMAGE_NAME = LaunchImage;
				CODE_SIGN_STYLE = Automatic;
				GCC_PRECOMPILE_PREFIX_HEADER = YES;
				GCC_PREFIX_HEADER = "$(SRCROOT)/BasicFrameWork/SupportingFiles/BasicFramePrefixHeader.pch";
				INFOPLIST_FILE = "$(SRCROOT)/BasicFrameWork/SupportingFiles/Info.plist";
				IPHONEOS_DEPLOYMENT_TARGET = 8.0;
				LD_RUNPATH_SEARCH_PATHS = (
					"$(inherited)",
					"@executable_path/Frameworks",
				);
				PRODUCT_BUNDLE_IDENTIFIER = WB.BasicFrameWork;
				PRODUCT_NAME = "$(TARGET_NAME)";
				TARGETED_DEVICE_FAMILY = "1,2";
			};
			name = Debug;
		};
		88D92F1D20E4BC9A00311B35 /* Release */ = {
			isa = XCBuildConfiguration;
			baseConfigurationReference = 291F03CC872406D43C435CB3 /* Pods-BasicFrameWork.release.xcconfig */;
			buildSettings = {
				ASSETCATALOG_COMPILER_APPICON_NAME = AppIcon;
				ASSETCATALOG_COMPILER_LAUNCHIMAGE_NAME = LaunchImage;
				CODE_SIGN_STYLE = Automatic;
				GCC_PRECOMPILE_PREFIX_HEADER = YES;
				GCC_PREFIX_HEADER = "$(SRCROOT)/BasicFrameWork/SupportingFiles/BasicFramePrefixHeader.pch";
				INFOPLIST_FILE = "$(SRCROOT)/BasicFrameWork/SupportingFiles/Info.plist";
				IPHONEOS_DEPLOYMENT_TARGET = 8.0;
				LD_RUNPATH_SEARCH_PATHS = (
					"$(inherited)",
					"@executable_path/Frameworks",
				);
				PRODUCT_BUNDLE_IDENTIFIER = WB.BasicFrameWork;
				PRODUCT_NAME = "$(TARGET_NAME)";
				TARGETED_DEVICE_FAMILY = "1,2";
			};
			name = Release;
		};
/* End XCBuildConfiguration section */

/* Begin XCConfigurationList section */
		88D92F0020E4BC9900311B35 /* Build configuration list for PBXProject "BasicFrameWork" */ = {
			isa = XCConfigurationList;
			buildConfigurations = (
				88D92F1920E4BC9A00311B35 /* Debug */,
				88D92F1A20E4BC9A00311B35 /* Release */,
			);
			defaultConfigurationIsVisible = 0;
			defaultConfigurationName = Release;
		};
		88D92F1B20E4BC9A00311B35 /* Build configuration list for PBXNativeTarget "BasicFrameWork" */ = {
			isa = XCConfigurationList;
			buildConfigurations = (
				88D92F1C20E4BC9A00311B35 /* Debug */,
				88D92F1D20E4BC9A00311B35 /* Release */,
			);
			defaultConfigurationIsVisible = 0;
			defaultConfigurationName = Release;
		};
/* End XCConfigurationList section */
	};
	rootObject = 88D92EFD20E4BC9900311B35 /* Project object */;
}
